
Microsoft Visual Studio Solution File, Format Version 12.00
Project("{FAE04EC0-301F-11D3-BF4B-00C04F79EFBC}") = "ValueObjectBenchmark", "ValueObjectBenchmark\ValueObjectBenchmark.csproj", "{6C67A48D-8275-4C3B-9AD5-5C1BE878FC8E}"
EndProject
Global
	GlobalSection(SolutionConfigurationPlatforms) = preSolution
		Debug|Any CPU = Debug|Any CPU
		Release|Any CPU = Release|Any CPU
	EndGlobalSection
	GlobalSection(ProjectConfigurationPlatforms) = postSolution
		{6C67A48D-8275-4C3B-9AD5-5C1BE878FC8E}.Debug|Any CPU.ActiveCfg = Debug|Any CPU
		{6C67A48D-8275-4C3B-9AD5-5C1BE878FC8E}.Debug|Any CPU.Build.0 = Debug|Any CPU
		{6C67A48D-8275-4C3B-9AD5-5C1BE878FC8E}.Release|Any CPU.ActiveCfg = Release|Any CPU
		{6C67A48D-8275-4C3B-9AD5-5C1BE878FC8E}.Release|Any CPU.Build.0 = Release|Any CPU
	EndGlobalSection
EndGlobal
